
Microsoft Visual Studio Solution File, Format Version 12.00
# Visual Studio Version 17
VisualStudioVersion = 17.9.34714.143
MinimumVisualStudioVersion = 10.0.40219.1
Project("{FAE04EC0-301F-11D3-BF4B-00C04F79EFBC}") = "Sliding Puzzle", "Sliding Puzzle.csproj", "{9411291A-C024-4513-A42A-8FECC8B0B755}"
EndProject
Global
	GlobalSection(SolutionConfigurationPlatforms) = preSolution
		Debug|Any CPU = Debug|Any CPU
		Release|Any CPU = Release|Any CPU
	EndGlobalSection
	GlobalSection(ProjectConfigurationPlatforms) = postSolution
		{9411291A-C024-4513-A42A-8FECC8B0B755}.Debug|Any CPU.ActiveCfg = Debug|Any CPU
		{9411291A-C024-4513-A42A-8FECC8B0B755}.Debug|Any CPU.Build.0 = Debug|Any CPU
		{9411291A-C024-4513-A42A-8FECC8B0B755}.Release|Any CPU.ActiveCfg = Release|Any CPU
		{9411291A-C024-4513-A42A-8FECC8B0B755}.Release|Any CPU.Build.0 = Release|Any CPU
	EndGlobalSection
	GlobalSection(SolutionProperties) = preSolution
		HideSolutionNode = FALSE
	EndGlobalSection
	GlobalSection(ExtensibilityGlobals) = postSolution
		SolutionGuid = {7EA55FAB-A7D5-4A92-BF10-E66B80C405F1}
	EndGlobalSection
EndGlobal
